
Microsoft Visual Studio Solution File, Format Version 12.00
# Visual Studio Version 16
VisualStudioVersion = 16.0.30114.105
MinimumVisualStudioVersion = 10.0.40219.1
Project("{FAE04EC0-301F-11D3-BF4B-00C04F79EFBC}") = "BookListMVC", "BookListMVC.csproj", "{AE468593-2489-4A5B-95C6-8B3790E01F9A}"
EndProject
Global
	GlobalSection(SolutionConfigurationPlatforms) = preSolution
		Debug|Any CPU = Debug|Any CPU
		Release|Any CPU = Release|Any CPU
	EndGlobalSection
	GlobalSection(ProjectConfigurationPlatforms) = postSolution
		{AE468593-2489-4A5B-95C6-8B3790E01F9A}.Debug|Any CPU.ActiveCfg = Debug|Any CPU
		{AE468593-2489-4A5B-95C6-8B3790E01F9A}.Debug|Any CPU.Build.0 = Debug|Any CPU
		{AE468593-2489-4A5B-95C6-8B3790E01F9A}.Release|Any CPU.ActiveCfg = Release|Any CPU
		{AE468593-2489-4A5B-95C6-8B3790E01F9A}.Release|Any CPU.Build.0 = Release|Any CPU
	EndGlobalSection
	GlobalSection(SolutionProperties) = preSolution
		HideSolutionNode = FALSE
	EndGlobalSection
	GlobalSection(ExtensibilityGlobals) = postSolution
		SolutionGuid = {42F77311-CDFF-4462-A38E-1A9CFC03B4CB}
	EndGlobalSection
EndGlobal
